// !$*UTF8*$!
{
	archiveVersion = 1;
	classes = {
	};
	objectVersion = 48;
	objects = {

/* Begin PBXBuildFile section */
		D48B0B971FF989FE000D3C4B /* AppDelegate.swift in Sources */ = {isa = PBXBuildFile; fileRef = D48B0B961FF989FE000D3C4B /* AppDelegate.swift */; };
		D48B0B991FF989FE000D3C4B /* ViewController.swift in Sources */ = {isa = PBXBuildFile; fileRef = D48B0B981FF989FE000D3C4B /* ViewController.swift */; };
		D48B0B9C1FF989FE000D3C4B /* Main.storyboard in Resources */ = {isa = PBXBuildFile; fileRef = D48B0B9A1FF989FE000D3C4B /* Main.storyboard */; };
		D48B0B9E1FF989FE000D3C4B /* Assets.xcassets in Resources */ = {isa = PBXBuildFile; fileRef = D48B0B9D1FF989FE000D3C4B /* Assets.xcassets */; };
		D48B0BA11FF989FE000D3C4B /* LaunchScreen.storyboard in Resources */ = {isa = PBXBuildFile; fileRef = D48B0B9F1FF989FE000D3C4B /* LaunchScreen.storyboard */; };
		D48B0BAC1FF989FE000D3C4B /* tipCalculatorTests.swift in Sources */ = {isa = PBXBuildFile; fileRef = D48B0BAB1FF989FE000D3C4B /* tipCalculatorTests.swift */; };
		D48B0BB71FF989FE000D3C4B /* tipCalculatorUITests.swift in Sources */ = {isa = PBXBuildFile; fileRef = D48B0BB61FF989FE000D3C4B /* tipCalculatorUITests.swift */; };
/* End PBXBuildFile section */

/* Begin PBXContainerItemProxy section */
		D48B0BA81FF989FE000D3C4B /* PBXContainerItemProxy */ = {
			isa = PBXContainerItemProxy;
			containerPortal = D48B0B8B1FF989FE000D3C4B /* Project object */;
			proxyType = 1;
			remoteGlobalIDString = D48B0B921FF989FE000D3C4B;
			remoteInfo = tipCalculator;
		};
		D48B0BB31FF989FE000D3C4B /* PBXContainerItemProxy */ = {
			isa = PBXContainerItemProxy;
			containerPortal = D48B0B8B1FF989FE000D3C4B /* Project object */;
			proxyType = 1;
			remoteGlobalIDString = D48B0B921FF989FE000D3C4B;
			remoteInfo = tipCalculator;
		};
/* End PBXContainerItemProxy section */

/* Begin PBXFileReference section */
		D48B0B931FF989FE000D3C4B /* tipCalculator.app */ = {isa = PBXFileReference; explicitFileType = wrapper.application; includeInIndex = 0; path = tipCalculator.app; sourceTree = BUILT_PRODUCTS_DIR; };
		D48B0B961FF989FE000D3C4B /* AppDelegate.swift */ = {isa = PBXFileReference; lastKnownFileType = sourcecode.swift; path = AppDelegate.swift; sourceTree = "<group>"; };
		D48B0B981FF989FE000D3C4B /* ViewController.swift */ = {isa = PBXFileReference; lastKnownFileType = sourcecode.swift; path = ViewController.swift; sourceTree = "<group>"; };
		D48B0B9B1FF989FE000D3C4B /* Base */ = {isa = PBXFileReference; lastKnownFileType = file.storyboard; name = Base; path = Base.lproj/Main.storyboard; sourceTree = "<group>"; };
		D48B0B9D1FF989FE000D3C4B /* Assets.xcassets */ = {isa = PBXFileReference; lastKnownFileType = folder.assetcatalog; path = Assets.xcassets; sourceTree = "<group>"; };
		D48B0BA01FF989FE000D3C4B /* Base */ = {isa = PBXFileReference; lastKnownFileType = file.storyboard; name = Base; path = Base.lproj/LaunchScreen.storyboard; sourceTree = "<group>"; };
		D48B0BA21FF989FE000D3C4B /* Info.plist */ = {isa = PBXFileReference; lastKnownFileType = text.plist.xml; path = Info.plist; sourceTree = "<group>"; };
		D48B0BA71FF989FE000D3C4B /* tipCalculatorTests.xctest */ = {isa = PBXFileReference; explicitFileType = wrapper.cfbundle; includeInIndex = 0; path = tipCalculatorTests.xctest; sourceTree = BUILT_PRODUCTS_DIR; };
		D48B0BAB1FF989FE000D3C4B /* tipCalculatorTests.swift */ = {isa = PBXFileReference; lastKnownFileType = sourcecode.swift; path = tipCalculatorTests.swift; sourceTree = "<group>"; };
		D48B0BAD1FF989FE000D3C4B /* Info.plist */ = {isa = PBXFileReference; lastKnownFileType = text.plist.xml; path = Info.plist; sourceTree = "<group>"; };
		D48B0BB21FF989FE000D3C4B /* tipCalculatorUITests.xctest */ = {isa = PBXFileReference; explicitFileType = wrapper.cfbundle; includeInIndex = 0; path = tipCalculatorUITests.xctest; sourceTree = BUILT_PRODUCTS_DIR; };
		D48B0BB61FF989FE000D3C4B /* tipCalculatorUITests.swift */ = {isa = PBXFileReference; lastKnownFileType = sourcecode.swift; path = tipCalculatorUITests.swift; sourceTree = "<group>"; };
		D48B0BB81FF989FE000D3C4B /* Info.plist */ = {isa = PBXFileReference; lastKnownFileType = text.plist.xml; path = Info.plist; sourceTree = "<group>"; };
/* End PBXFileReference section */

/* Begin PBXFrameworksBuildPhase section */
		D48B0B901FF989FE000D3C4B /* Frameworks */ = {
			isa = PBXFrameworksBuildPhase;
			buildActionMask = 2147483647;
			files = (
			);
			runOnlyForDeploymentPostprocessing = 0;
		};
		D48B0BA41FF989FE000D3C4B /* Frameworks */ = {
			isa = PBXFrameworksBuildPhase;
			buildActionMask = 2147483647;
			files = (
			);
			runOnlyForDeploymentPostprocessing = 0;
		};
		D48B0BAF1FF989FE000D3C4B /* Frameworks */ = {
			isa = PBXFrameworksBuildPhase;
			buildActionMask = 2147483647;
			files = (
			);
			runOnlyForDeploymentPostprocessing = 0;
		};
/* End PBXFrameworksBuildPhase section */

/* Begin PBXGroup section */
		D48B0B8A1FF989FE000D3C4B = {
			isa = PBXGroup;
			children = (
				D48B0B951FF989FE000D3C4B /* tipCalculator */,
				D48B0BAA1FF989FE000D3C4B /* tipCalculatorTests */,
				D48B0BB51FF989FE000D3C4B /* tipCalculatorUITests */,
				D48B0B941FF989FE000D3C4B /* Products */,
			);
			sourceTree = "<group>";
		};
		D48B0B941FF989FE000D3C4B /* Products */ = {
			isa = PBXGroup;
			children = (
				D48B0B931FF989FE000D3C4B /* tipCalculator.app */,
				D48B0BA71FF989FE000D3C4B /* tipCalculatorTests.xctest */,
				D48B0BB21FF989FE000D3C4B /* tipCalculatorUITests.xctest */,
			);
			name = Products;
			sourceTree = "<group>";
		};
		D48B0B951FF989FE000D3C4B /* tipCalculator */ = {
			isa = PBXGroup;
			children = (
				D48B0B961FF989FE000D3C4B /* AppDelegate.swift */,
				D48B0B981FF989FE000D3C4B /* ViewController.swift */,
				D48B0B9A1FF989FE000D3C4B /* Main.storyboard */,
				D48B0B9D1FF989FE000D3C4B /* Assets.xcassets */,
				D48B0B9F1FF989FE000D3C4B /* LaunchScreen.storyboard */,
				D48B0BA21FF989FE000D3C4B /* Info.plist */,
			);
			path = tipCalculator;
			sourceTree = "<group>";
		};
		D48B0BAA1FF989FE000D3C4B /* tipCalculatorTests */ = {
			isa = PBXGroup;
			children = (
				D48B0BAB1FF989FE000D3C4B /* tipCalculatorTests.swift */,
				D48B0BAD1FF989FE000D3C4B /* Info.plist */,
			);
			path = tipCalculatorTests;
			sourceTree = "<group>";
		};
		D48B0BB51FF989FE000D3C4B /* tipCalculatorUITests */ = {
			isa = PBXGroup;
			children = (
				D48B0BB61FF989FE000D3C4B /* tipCalculatorUITests.swift */,
				D48B0BB81FF989FE000D3C4B /* Info.plist */,
			);
			path = tipCalculatorUITests;
			sourceTree = "<group>";
		};
/* End PBXGroup section */

/* Begin PBXNativeTarget section */
		D48B0B921FF989FE000D3C4B /* tipCalculator */ = {
			isa = PBXNativeTarget;
			buildConfigurationList = D48B0BBB1FF989FE000D3C4B /* Build configuration list for PBXNativeTarget "tipCalculator" */;
			buildPhases = (
				D48B0B8F1FF989FE000D3C4B /* Sources */,
				D48B0B901FF989FE000D3C4B /* Frameworks */,
				D48B0B911FF989FE000D3C4B /* Resources */,
			);
			buildRules = (
			);
			dependencies = (
			);
			name = tipCalculator;
			productName = tipCalculator;
			productReference = D48B0B931FF989FE000D3C4B /* tipCalculator.app */;
			productType = "com.apple.product-type.application";
		};
		D48B0BA61FF989FE000D3C4B /* tipCalculatorTests */ = {
			isa = PBXNativeTarget;
			buildConfigurationList = D48B0BBE1FF989FE000D3C4B /* Build configuration list for PBXNativeTarget "tipCalculatorTests" */;
			buildPhases = (
				D48B0BA31FF989FE000D3C4B /* Sources */,
				D48B0BA41FF989FE000D3C4B /* Frameworks */,
				D48B0BA51FF989FE000D3C4B /* Resources */,
			);
			buildRules = (
			);
			dependencies = (
				D48B0BA91FF989FE000D3C4B /* PBXTargetDependency */,
			);
			name = tipCalculatorTests;
			productName = tipCalculatorTests;
			productReference = D48B0BA71FF989FE000D3C4B /* tipCalculatorTests.xctest */;
			productType = "com.apple.product-type.bundle.unit-test";
		};
		D48B0BB11FF989FE000D3C4B /* tipCalculatorUITests */ = {
			isa = PBXNativeTarget;
			buildConfigurationList = D48B0BC11FF989FE000D3C4B /* Build configuration list for PBXNativeTarget "tipCalculatorUITests" */;
			buildPhases = (
				D48B0BAE1FF989FE000D3C4B /* Sources */,
				D48B0BAF1FF989FE000D3C4B /* Frameworks */,
				D48B0BB01FF989FE000D3C4B /* Resources */,
			);
			buildRules = (
			);
			dependencies = (
				D48B0BB41FF989FE000D3C4B /* PBXTargetDependency */,
			);
			name = tipCalculatorUITests;
			productName = tipCalculatorUITests;
			productReference = D48B0BB21FF989FE000D3C4B /* tipCalculatorUITests.xctest */;
			productType = "com.apple.product-type.bundle.ui-testing";
		};
/* End PBXNativeTarget section */

/* Begin PBXProject section */
		D48B0B8B1FF989FE000D3C4B /* Project object */ = {
			isa = PBXProject;
			attributes = {
				LastSwiftUpdateCheck = 0920;
				LastUpgradeCheck = 0920;
				ORGANIZATIONNAME = "Deepanshu Tyagi";
				TargetAttributes = {
					D48B0B921FF989FE000D3C4B = {
						CreatedOnToolsVersion = 9.2;
						ProvisioningStyle = Automatic;
					};
					D48B0BA61FF989FE000D3C4B = {
						CreatedOnToolsVersion = 9.2;
						ProvisioningStyle = Automatic;
						TestTargetID = D48B0B921FF989FE000D3C4B;
					};
					D48B0BB11FF989FE000D3C4B = {
						CreatedOnToolsVersion = 9.2;
						ProvisioningStyle = Automatic;
						TestTargetID = D48B0B921FF989FE000D3C4B;
					};
				};
			};
			buildConfigurationList = D48B0B8E1FF989FE000D3C4B /* Build configuration list for PBXProject "tipCalculator" */;
			compatibilityVersion = "Xcode 8.0";
			developmentRegion = en;
			hasScannedForEncodings = 0;
			knownRegions = (
				en,
				Base,
			);
			mainGroup = D48B0B8A1FF989FE000D3C4B;
			productRefGroup = D48B0B941FF989FE000D3C4B /* Products */;
			projectDirPath = "";
			projectRoot = "";
			targets = (
				D48B0B921FF989FE000D3C4B /* tipCalculator */,
				D48B0BA61FF989FE000D3C4B /* tipCalculatorTests */,
				D48B0BB11FF989FE000D3C4B /* tipCalculatorUITests */,
			);
		};
/* End PBXProject section */

/* Begin PBXResourcesBuildPhase section */
		D48B0B911FF989FE000D3C4B /* Resources */ = {
			isa = PBXResourcesBuildPhase;
			buildActionMask = 2147483647;
			files = (
				D48B0BA11FF989FE000D3C4B /* LaunchScreen.storyboard in Resources */,
				D48B0B9E1FF989FE000D3C4B /* Assets.xcassets in Resources */,
				D48B0B9C1FF989FE000D3C4B /* Main.storyboard in Resources */,
			);
			runOnlyForDeploymentPostprocessing = 0;
		};
		D48B0BA51FF989FE000D3C4B /* Resources */ = {
			isa = PBXResourcesBuildPhase;
			buildActionMask = 2147483647;
			files = (
			);
			runOnlyForDeploymentPostprocessing = 0;
		};
		D48B0BB01FF989FE000D3C4B /* Resources */ = {
			isa = PBXResourcesBuildPhase;
			buildActionMask = 2147483647;
			files = (
			);
			runOnlyForDeploymentPostprocessing = 0;
		};
/* End PBXResourcesBuildPhase section */

/* Begin PBXSourcesBuildPhase section */
		D48B0B8F1FF989FE000D3C4B /* Sources */ = {
			isa = PBXSourcesBuildPhase;
			buildActionMask = 2147483647;
			files = (
				D48B0B991FF989FE000D3C4B /* ViewController.swift in Sources */,
				D48B0B971FF989FE000D3C4B /* AppDelegate.swift in Sources */,
			);
			runOnlyForDeploymentPostprocessing = 0;
		};
		D48B0BA31FF989FE000D3C4B /* Sources */ = {
			isa = PBXSourcesBuildPhase;
			buildActionMask = 2147483647;
			files = (
				D48B0BAC1FF989FE000D3C4B /* tipCalculatorTests.swift in Sources */,
			);
			runOnlyForDeploymentPostprocessing = 0;
		};
		D48B0BAE1FF989FE000D3C4B /* Sources */ = {
			isa = PBXSourcesBuildPhase;
			buildActionMask = 2147483647;
			files = (
				D48B0BB71FF989FE000D3C4B /* tipCalculatorUITests.swift in Sources */,
			);
			runOnlyForDeploymentPostprocessing = 0;
		};
/* End PBXSourcesBuildPhase section */

/* Begin PBXTargetDependency section */
		D48B0BA91FF989FE000D3C4B /* PBXTargetDependency */ = {
			isa = PBXTargetDependency;
			target = D48B0B921FF989FE000D3C4B /* tipCalculator */;
			targetProxy = D48B0BA81FF989FE000D3C4B /* PBXContainerItemProxy */;
		};
		D48B0BB41FF989FE000D3C4B /* PBXTargetDependency */ = {
			isa = PBXTargetDependency;
			target = D48B0B921FF989FE000D3C4B /* tipCalculator */;
			targetProxy = D48B0BB31FF989FE000D3C4B /* PBXContainerItemProxy */;
		};
/* End PBXTargetDependency section */

/* Begin PBXVariantGroup section */
		D48B0B9A1FF989FE000D3C4B /* Main.storyboard */ = {
			isa = PBXVariantGroup;
			children = (
				D48B0B9B1FF989FE000D3C4B /* Base */,
			);
			name = Main.storyboard;
			sourceTree = "<group>";
		};
		D48B0B9F1FF989FE000D3C4B /* LaunchScreen.storyboard */ = {
			isa = PBXVariantGroup;
			children = (
				D48B0BA01FF989FE000D3C4B /* Base */,
			);
			name = LaunchScreen.storyboard;
			sourceTree = "<group>";
		};
/* End PBXVariantGroup section */

/* Begin XCBuildConfiguration section */
		D48B0BB91FF989FE000D3C4B /* Debug */ = {
			isa = XCBuildConfiguration;
			buildSettings = {
				ALWAYS_SEARCH_USER_PATHS = NO;
				CLANG_ANALYZER_NONNULL = YES;
				CLANG_ANALYZER_NUMBER_OBJECT_CONVERSION = YES_AGGRESSIVE;
				CLANG_CXX_LANGUAGE_STANDARD = "gnu++14";
				CLANG_CXX_LIBRARY = "libc++";
				CLANG_ENABLE_MODULES = YES;
				CLANG_ENABLE_OBJC_ARC = YES;
				CLANG_WARN_BLOCK_CAPTURE_AUTORELEASING = YES;
				CLANG_WARN_BOOL_CONVERSION = YES;
				CLANG_WARN_COMMA = YES;
				CLANG_WARN_CONSTANT_CONVERSION = YES;
				CLANG_WARN_DIRECT_OBJC_ISA_USAGE = YES_ERROR;
				CLANG_WARN_DOCUMENTATION_COMMENTS = YES;
				CLANG_WARN_EMPTY_BODY = YES;
				CLANG_WARN_ENUM_CONVERSION = YES;
				CLANG_WARN_INFINITE_RECURSION = YES;
				CLANG_WARN_INT_CONVERSION = YES;
				CLANG_WARN_NON_LITERAL_NULL_CONVERSION = YES;
				CLANG_WARN_OBJC_LITERAL_CONVERSION = YES;
				CLANG_WARN_OBJC_ROOT_CLASS = YES_ERROR;
				CLANG_WARN_RANGE_LOOP_ANALYSIS = YES;
				CLANG_WARN_STRICT_PROTOTYPES = YES;
				CLANG_WARN_SUSPICIOUS_MOVE = YES;
				CLANG_WARN_UNGUARDED_AVAILABILITY = YES_AGGRESSIVE;
				CLANG_WARN_UNREACHABLE_CODE = YES;
				CLANG_WARN__DUPLICATE_METHOD_MATCH = YES;
				CODE_SIGN_IDENTITY = "iPhone Developer";
				COPY_PHASE_STRIP = NO;
				DEBUG_INFORMATION_FORMAT = dwarf;
				ENABLE_STRICT_OBJC_MSGSEND = YES;
				ENABLE_TESTABILITY = YES;
				GCC_C_LANGUAGE_STANDARD = gnu11;
				GCC_DYNAMIC_NO_PIC = NO;
				GCC_NO_COMMON_BLOCKS = YES;
				GCC_OPTIMIZATION_LEVEL = 0;
				GCC_PREPROCESSOR_DEFINITIONS = (
					"DEBUG=1",
					"$(inherited)",
				);
				GCC_WARN_64_TO_32_BIT_CONVERSION = YES;
				GCC_WARN_ABOUT_RETURN_TYPE = YES_ERROR;
				GCC_WARN_UNDECLARED_SELECTOR = YES;
				GCC_WARN_UNINITIALIZED_AUTOS = YES_AGGRESSIVE;
				GCC_WARN_UNUSED_FUNCTION = YES;
				GCC_WARN_UNUSED_VARIABLE = YES;
				IPHONEOS_DEPLOYMENT_TARGET = 11.2;
				MTL_ENABLE_DEBUG_INFO = YES;
				ONLY_ACTIVE_ARCH = YES;
				SDKROOT = iphoneos;
				SWIFT_ACTIVE_COMPILATION_CONDITIONS = DEBUG;
				SWIFT_OPTIMIZATION_LEVEL = "-Onone";
			};
			name = Debug;
		};
		D48B0BBA1FF989FE000D3C4B /* Release */ = {
			isa = XCBuildConfiguration;
			buildSettings = {
				ALWAYS_SEARCH_USER_PATHS = NO;
				CLANG_ANALYZER_NONNULL = YES;
				CLANG_ANALYZER_NUMBER_OBJECT_CONVERSION = YES_AGGRESSIVE;
				CLANG_CXX_LANGUAGE_STANDARD = "gnu++14";
				CLANG_CXX_LIBRARY = "libc++";
				CLANG_ENABLE_MODULES = YES;
				CLANG_ENABLE_OBJC_ARC = YES;
				CLANG_WARN_BLOCK_CAPTURE_AUTORELEASING = YES;
				CLANG_WARN_BOOL_CONVERSION = YES;
				CLANG_WARN_COMMA = YES;
				CLANG_WARN_CONSTANT_CONVERSION = YES;
				CLANG_WARN_DIRECT_OBJC_ISA_USAGE = YES_ERROR;
				CLANG_WARN_DOCUMENTATION_COMMENTS = YES;
				CLANG_WARN_EMPTY_BODY = YES;
				CLANG_WARN_ENUM_CONVERSION = YES;
				CLANG_WARN_INFINITE_RECURSION = YES;
				CLANG_WARN_INT_CONVERSION = YES;
				CLANG_WARN_NON_LITERAL_NULL_CONVERSION = YES;
				CLANG_WARN_OBJC_LITERAL_CONVERSION = YES;
				CLANG_WARN_OBJC_ROOT_CLASS = YES_ERROR;
				CLANG_WARN_RANGE_LOOP_ANALYSIS = YES;
				CLANG_WARN_STRICT_PROTOTYPES = YES;
				CLANG_WARN_SUSPICIOUS_MOVE = YES;
				CLANG_WARN_UNGUARDED_AVAILABILITY = YES_AGGRESSIVE;
				CLANG_WARN_UNREACHABLE_CODE = YES;
				CLANG_WARN__DUPLICATE_METHOD_MATCH = YES;
				CODE_SIGN_IDENTITY = "iPhone Developer";
				COPY_PHASE_STRIP = NO;
				DEBUG_INFORMATION_FORMAT = "dwarf-with-dsym";
				ENABLE_NS_ASSERTIONS = NO;
				ENABLE_STRICT_OBJC_MSGSEND = YES;
				GCC_C_LANGUAGE_STANDARD = gnu11;
				GCC_NO_COMMON_BLOCKS = YES;
				GCC_WARN_64_TO_32_BIT_CONVERSION = YES;
				GCC_WARN_ABOUT_RETURN_TYPE = YES_ERROR;
				GCC_WARN_UNDECLARED_SELECTOR = YES;
				GCC_WARN_UNINITIALIZED_AUTOS = YES_AGGRESSIVE;
				GCC_WARN_UNUSED_FUNCTION = YES;
				GCC_WARN_UNUSED_VARIABLE = YES;
				IPHONEOS_DEPLOYMENT_TARGET = 11.2;
				MTL_ENABLE_DEBUG_INFO = NO;
				SDKROOT = iphoneos;
				SWIFT_OPTIMIZATION_LEVEL = "-Owholemodule";
				VALIDATE_PRODUCT = YES;
			};
			name = Release;
		};
		D48B0BBC1FF989FE000D3C4B /* Debug */ = {
			isa = XCBuildConfiguration;
			buildSettings = {
				ASSETCATALOG_COMPILER_APPICON_NAME = AppIcon;
				CODE_SIGN_STYLE = Automatic;
				INFOPLIST_FILE = tipCalculator/Info.plist;
				LD_RUNPATH_SEARCH_PATHS = "$(inherited) @executable_path/Frameworks";
				PRODUCT_BUNDLE_IDENTIFIER = com.deepCentral.tipCalculator;
				PRODUCT_NAME = "$(TARGET_NAME)";
				SWIFT_VERSION = 4.0;
				TARGETED_DEVICE_FAMILY = "1,2";
			};
			name = Debug;
		};
		D48B0BBD1FF989FE000D3C4B /* Release */ = {
			isa = XCBuildConfiguration;
			buildSettings = {
				ASSETCATALOG_COMPILER_APPICON_NAME = AppIcon;
				CODE_SIGN_STYLE = Automatic;
				INFOPLIST_FILE = tipCalculator/Info.plist;
				LD_RUNPATH_SEARCH_PATHS = "$(inherited) @executable_path/Frameworks";
				PRODUCT_BUNDLE_IDENTIFIER = com.deepCentral.tipCalculator;
				PRODUCT_NAME = "$(TARGET_NAME)";
				SWIFT_VERSION = 4.0;
				TARGETED_DEVICE_FAMILY = "1,2";
			};
			name = Release;
		};
		D48B0BBF1FF989FE000D3C4B /* Debug */ = {
			isa = XCBuildConfiguration;
			buildSettings = {
				ALWAYS_EMBED_SWIFT_STANDARD_LIBRARIES = YES;
				BUNDLE_LOADER = "$(TEST_HOST)";
				CODE_SIGN_STYLE = Automatic;
				INFOPLIST_FILE = tipCalculatorTests/Info.plist;
				LD_RUNPATH_SEARCH_PATHS = "$(inherited) @executable_path/Frameworks @loader_path/Frameworks";
				PRODUCT_BUNDLE_IDENTIFIER = com.deepCentral.tipCalculatorTests;
				PRODUCT_NAME = "$(TARGET_NAME)";
				SWIFT_VERSION = 4.0;
				TARGETED_DEVICE_FAMILY = "1,2";
				TEST_HOST = "$(BUILT_PRODUCTS_DIR)/tipCalculator.app/tipCalculator";
			};
			name = Debug;
		};
		D48B0BC01FF989FE000D3C4B /* Release */ = {
			isa = XCBuildConfiguration;
			buildSettings = {
				ALWAYS_EMBED_SWIFT_STANDARD_LIBRARIES = YES;
				BUNDLE_LOADER = "$(TEST_HOST)";
				CODE_SIGN_STYLE = Automatic;
				INFOPLIST_FILE = tipCalculatorTests/Info.plist;
				LD_RUNPATH_SEARCH_PATHS = "$(inherited) @executable_path/Frameworks @loader_path/Frameworks";
				PRODUCT_BUNDLE_IDENTIFIER = com.deepCentral.tipCalculatorTests;
				PRODUCT_NAME = "$(TARGET_NAME)";
				SWIFT_VERSION = 4.0;
				TARGETED_DEVICE_FAMILY = "1,2";
				TEST_HOST = "$(BUILT_PRODUCTS_DIR)/tipCalculator.app/tipCalculator";
			};
			name = Release;
		};
		D48B0BC21FF989FE000D3C4B /* Debug */ = {
			isa = XCBuildConfiguration;
			buildSettings = {
				ALWAYS_EMBED_SWIFT_STANDARD_LIBRARIES = YES;
				CODE_SIGN_STYLE = Automatic;
				INFOPLIST_FILE = tipCalculatorUITests/Info.plist;
				LD_RUNPATH_SEARCH_PATHS = "$(inherited) @executable_path/Frameworks @loader_path/Frameworks";
				PRODUCT_BUNDLE_IDENTIFIER = com.deepCentral.tipCalculatorUITests;
				PRODUCT_NAME = "$(TARGET_NAME)";
				SWIFT_VERSION = 4.0;
				TARGETED_DEVICE_FAMILY = "1,2";
				TEST_TARGET_NAME = tipCalculator;
			};
			name = Debug;
		};
		D48B0BC31FF989FE000D3C4B /* Release */ = {
			isa = XCBuildConfiguration;
			buildSettings = {
				ALWAYS_EMBED_SWIFT_STANDARD_LIBRARIES = YES;
				CODE_SIGN_STYLE = Automatic;
				INFOPLIST_FILE = tipCalculatorUITests/Info.plist;
				LD_RUNPATH_SEARCH_PATHS = "$(inherited) @executable_path/Frameworks @loader_path/Frameworks";
				PRODUCT_BUNDLE_IDENTIFIER = com.deepCentral.tipCalculatorUITests;
				PRODUCT_NAME = "$(TARGET_NAME)";
				SWIFT_VERSION = 4.0;
				TARGETED_DEVICE_FAMILY = "1,2";
				TEST_TARGET_NAME = tipCalculator;
			};
			name = Release;
		};
/* End XCBuildConfiguration section */

/* Begin XCConfigurationList section */
		D48B0B8E1FF989FE000D3C4B /* Build configuration list for PBXProject "tipCalculator" */ = {
			isa = XCConfigurationList;
			buildConfigurations = (
				D48B0BB91FF989FE000D3C4B /* Debug */,
				D48B0BBA1FF989FE000D3C4B /* Release */,
			);
			defaultConfigurationIsVisible = 0;
			defaultConfigurationName = Release;
		};
		D48B0BBB1FF989FE000D3C4B /* Build configuration list for PBXNativeTarget "tipCalculator" */ = {
			isa = XCConfigurationList;
			buildConfigurations = (
				D48B0BBC1FF989FE000D3C4B /* Debug */,
				D48B0BBD1FF989FE000D3C4B /* Release */,
			);
			defaultConfigurationIsVisible = 0;
			defaultConfigurationName = Release;
		};
		D48B0BBE1FF989FE000D3C4B /* Build configuration list for PBXNativeTarget "tipCalculatorTests" */ = {
			isa = XCConfigurationList;
			buildConfigurations = (
				D48B0BBF1FF989FE000D3C4B /* Debug */,
				D48B0BC01FF989FE000D3C4B /* Release */,
			);
			defaultConfigurationIsVisible = 0;
			defaultConfigurationName = Release;
		};
		D48B0BC11FF989FE000D3C4B /* Build configuration list for PBXNativeTarget "tipCalculatorUITests" */ = {
			isa = XCConfigurationList;
			buildConfigurations = (
				D48B0BC21FF989FE000D3C4B /* Debug */,
				D48B0BC31FF989FE000D3C4B /* Release */,
			);
			defaultConfigurationIsVisible = 0;
			defaultConfigurationName = Release;
		};
/* End XCConfigurationList section */
	};
	rootObject = D48B0B8B1FF989FE000D3C4B /* Project object */;
}
